
Microsoft Visual Studio Solution File, Format Version 12.00
# Visual Studio Version 16
VisualStudioVersion = 16.0.30225.117
MinimumVisualStudioVersion = 10.0.40219.1
Project("{FAE04EC0-301F-11D3-BF4B-00C04F79EFBC}") = "RefactoringExercise", "RefactoringExercise.csproj", "{DEC8E5A3-C5F0-47B6-85FB-62DBB91DCDE6}"
EndProject
Global
	GlobalSection(SolutionConfigurationPlatforms) = preSolution
		Debug|Any CPU = Debug|Any CPU
		Release|Any CPU = Release|Any CPU
	EndGlobalSection
	GlobalSection(ProjectConfigurationPlatforms) = postSolution
		{DEC8E5A3-C5F0-47B6-85FB-62DBB91DCDE6}.Debug|Any CPU.ActiveCfg = Debug|Any CPU
		{DEC8E5A3-C5F0-47B6-85FB-62DBB91DCDE6}.Debug|Any CPU.Build.0 = Debug|Any CPU
		{DEC8E5A3-C5F0-47B6-85FB-62DBB91DCDE6}.Release|Any CPU.ActiveCfg = Release|Any CPU
		{DEC8E5A3-C5F0-47B6-85FB-62DBB91DCDE6}.Release|Any CPU.Build.0 = Release|Any CPU
	EndGlobalSection
	GlobalSection(SolutionProperties) = preSolution
		HideSolutionNode = FALSE
	EndGlobalSection
	GlobalSection(ExtensibilityGlobals) = postSolution
		SolutionGuid = {52299E3D-F1E9-4D7B-ACBA-FA2F8B05F647}
	EndGlobalSection
EndGlobal
